
Microsoft Visual Studio Solution File, Format Version 12.00
# Visual Studio 2013
VisualStudioVersion = 12.0.21005.1
MinimumVisualStudioVersion = 10.0.40219.1
Project("{8BC9CEB8-8B4A-11D0-8D11-00A0C91BC942}") = "GameLibrary", "GameLibrary\GameLibrary.vcxproj", "{8C974785-0389-4DA2-A831-85DE6C800C40}"
EndProject
Project("{8BC9CEB8-8B4A-11D0-8D11-00A0C91BC942}") = "DemoProgram", "DemoProgram\DemoProgram.vcxproj", "{F3461B79-25B4-4EF8-9294-E31B89907DD2}"
EndProject
Project("{8BC9CEB8-8B4A-11D0-8D11-00A0C91BC942}") = "Squash", "Squash\Squash.vcxproj", "{B113E876-04C1-43E5-A0A3-0B5B8A959CDE}"
EndProject
Global
	GlobalSection(SolutionConfigurationPlatforms) = preSolution
		Debug|Win32 = Debug|Win32
		Release|Win32 = Release|Win32
	EndGlobalSection
	GlobalSection(ProjectConfigurationPlatforms) = postSolution
		{8C974785-0389-4DA2-A831-85DE6C800C40}.Debug|Win32.ActiveCfg = Debug|Win32
		{8C974785-0389-4DA2-A831-85DE6C800C40}.Debug|Win32.Build.0 = Debug|Win32
		{8C974785-0389-4DA2-A831-85DE6C800C40}.Release|Win32.ActiveCfg = Release|Win32
		{8C974785-0389-4DA2-A831-85DE6C800C40}.Release|Win32.Build.0 = Release|Win32
		{F3461B79-25B4-4EF8-9294-E31B89907DD2}.Debug|Win32.ActiveCfg = Debug|Win32
		{F3461B79-25B4-4EF8-9294-E31B89907DD2}.Debug|Win32.Build.0 = Debug|Win32
		{F3461B79-25B4-4EF8-9294-E31B89907DD2}.Release|Win32.ActiveCfg = Release|Win32
		{F3461B79-25B4-4EF8-9294-E31B89907DD2}.Release|Win32.Build.0 = Release|Win32
		{B113E876-04C1-43E5-A0A3-0B5B8A959CDE}.Debug|Win32.ActiveCfg = Debug|Win32
		{B113E876-04C1-43E5-A0A3-0B5B8A959CDE}.Debug|Win32.Build.0 = Debug|Win32
		{B113E876-04C1-43E5-A0A3-0B5B8A959CDE}.Release|Win32.ActiveCfg = Release|Win32
		{B113E876-04C1-43E5-A0A3-0B5B8A959CDE}.Release|Win32.Build.0 = Release|Win32
	EndGlobalSection
	GlobalSection(SolutionProperties) = preSolution
		HideSolutionNode = FALSE
	EndGlobalSection
EndGlobal
